github.com/fbiville/markdown-table-formatter v0.3.0 h1:PIm1UNgJrFs8q1htGTw+wnnNYvwXQMMMIKNZop2SSho=
github.com/fbiville/markdown-table-formatter v0.3.0/go.mod h1:q89TDtSEVDdTaufgSbfHpNVdPU/bmfvqNkrC5HagmLY=
gopkg.in/check.v1 v0.0.0-20161208181325-20d25e280405 h1:yhCVgyC4o1eVCa2tZl7eS0r+SDo693bJlVdllGtEeKM=
gopkg.in/check.v1 v0.0.0-20161208181325-20d25e280405/go.mod h1:Co6ibVJAznAaIkqp8huTwlJQCZ016jof/cbN4VW5Yz0=
gopkg.in/yaml.v2 v2.4.0 h1:D8xgwECY7CYvx+Y2n4sBz93Jn9JRvxdiyyo8CTfuKaY=
gopkg.in/yaml.v2 v2.4.0/go.mod h1:RDklbk79AGWmwhnvt/jBztapEOGDOx6ZbXqjP6csGnQ=
